
Microsoft Visual Studio Solution File, Format Version 12.00
# Visual Studio Version 17
VisualStudioVersion = 17.8.34309.116
MinimumVisualStudioVersion = 10.0.40219.1
Project("{9A19103F-16F7-4668-BE54-9A1E7A4F7556}") = "DarkMessages.Service", "DarkMessages.Service\DarkMessages.Service.csproj", "{AF37E590-B62E-4AD0-9EE2-A5A304E7B329}"
EndProject
Project("{9A19103F-16F7-4668-BE54-9A1E7A4F7556}") = "EmailHandler", "EmailHandler\EmailHandler.csproj", "{50D43E61-5F0F-404B-8245-EE469A7FA06D}"
EndProject
Global
	GlobalSection(SolutionConfigurationPlatforms) = preSolution
		Debug|Any CPU = Debug|Any CPU
		Release|Any CPU = Release|Any CPU
	EndGlobalSection
	GlobalSection(ProjectConfigurationPlatforms) = postSolution
		{AF37E590-B62E-4AD0-9EE2-A5A304E7B329}.Debug|Any CPU.ActiveCfg = Debug|Any CPU
		{AF37E590-B62E-4AD0-9EE2-A5A304E7B329}.Debug|Any CPU.Build.0 = Debug|Any CPU
		{AF37E590-B62E-4AD0-9EE2-A5A304E7B329}.Release|Any CPU.ActiveCfg = Release|Any CPU
		{AF37E590-B62E-4AD0-9EE2-A5A304E7B329}.Release|Any CPU.Build.0 = Release|Any CPU
		{50D43E61-5F0F-404B-8245-EE469A7FA06D}.Debug|Any CPU.ActiveCfg = Debug|Any CPU
		{50D43E61-5F0F-404B-8245-EE469A7FA06D}.Debug|Any CPU.Build.0 = Debug|Any CPU
		{50D43E61-5F0F-404B-8245-EE469A7FA06D}.Release|Any CPU.ActiveCfg = Release|Any CPU
		{50D43E61-5F0F-404B-8245-EE469A7FA06D}.Release|Any CPU.Build.0 = Release|Any CPU
	EndGlobalSection
	GlobalSection(SolutionProperties) = preSolution
		HideSolutionNode = FALSE
	EndGlobalSection
	GlobalSection(ExtensibilityGlobals) = postSolution
		SolutionGuid = {4FF4804C-6BF0-4E80-9431-4F0CC30D1F70}
	EndGlobalSection
EndGlobal
